
Microsoft Visual Studio Solution File, Format Version 12.00
# Visual Studio 15
VisualStudioVersion = 15.0.26124.0
MinimumVisualStudioVersion = 15.0.26124.0
Project("{FAE04EC0-301F-11D3-BF4B-00C04F79EFBC}") = "BlazorGrpcStandalone", "BlazorGrpcStandalone\BlazorGrpcStandalone.csproj", "{E172CF2B-4852-4E68-B211-2A0EA3CAB659}"
EndProject
Project("{FAE04EC0-301F-11D3-BF4B-00C04F79EFBC}") = "SampleBackendGrpcServer", "SampleBackendGrpcServer\SampleBackendGrpcServer.csproj", "{CECCFDD8-8971-4660-81E8-F6B4E210409E}"
EndProject
Global
	GlobalSection(SolutionConfigurationPlatforms) = preSolution
		Debug|Any CPU = Debug|Any CPU
		Debug|x64 = Debug|x64
		Debug|x86 = Debug|x86
		Release|Any CPU = Release|Any CPU
		Release|x64 = Release|x64
		Release|x86 = Release|x86
	EndGlobalSection
	GlobalSection(SolutionProperties) = preSolution
		HideSolutionNode = FALSE
	EndGlobalSection
	GlobalSection(ProjectConfigurationPlatforms) = postSolution
		{E172CF2B-4852-4E68-B211-2A0EA3CAB659}.Debug|Any CPU.ActiveCfg = Debug|Any CPU
		{E172CF2B-4852-4E68-B211-2A0EA3CAB659}.Debug|Any CPU.Build.0 = Debug|Any CPU
		{E172CF2B-4852-4E68-B211-2A0EA3CAB659}.Debug|x64.ActiveCfg = Debug|Any CPU
		{E172CF2B-4852-4E68-B211-2A0EA3CAB659}.Debug|x64.Build.0 = Debug|Any CPU
		{E172CF2B-4852-4E68-B211-2A0EA3CAB659}.Debug|x86.ActiveCfg = Debug|Any CPU
		{E172CF2B-4852-4E68-B211-2A0EA3CAB659}.Debug|x86.Build.0 = Debug|Any CPU
		{E172CF2B-4852-4E68-B211-2A0EA3CAB659}.Release|Any CPU.ActiveCfg = Release|Any CPU
		{E172CF2B-4852-4E68-B211-2A0EA3CAB659}.Release|Any CPU.Build.0 = Release|Any CPU
		{E172CF2B-4852-4E68-B211-2A0EA3CAB659}.Release|x64.ActiveCfg = Release|Any CPU
		{E172CF2B-4852-4E68-B211-2A0EA3CAB659}.Release|x64.Build.0 = Release|Any CPU
		{E172CF2B-4852-4E68-B211-2A0EA3CAB659}.Release|x86.ActiveCfg = Release|Any CPU
		{E172CF2B-4852-4E68-B211-2A0EA3CAB659}.Release|x86.Build.0 = Release|Any CPU
		{CECCFDD8-8971-4660-81E8-F6B4E210409E}.Debug|Any CPU.ActiveCfg = Debug|Any CPU
		{CECCFDD8-8971-4660-81E8-F6B4E210409E}.Debug|Any CPU.Build.0 = Debug|Any CPU
		{CECCFDD8-8971-4660-81E8-F6B4E210409E}.Debug|x64.ActiveCfg = Debug|Any CPU
		{CECCFDD8-8971-4660-81E8-F6B4E210409E}.Debug|x64.Build.0 = Debug|Any CPU
		{CECCFDD8-8971-4660-81E8-F6B4E210409E}.Debug|x86.ActiveCfg = Debug|Any CPU
		{CECCFDD8-8971-4660-81E8-F6B4E210409E}.Debug|x86.Build.0 = Debug|Any CPU
		{CECCFDD8-8971-4660-81E8-F6B4E210409E}.Release|Any CPU.ActiveCfg = Release|Any CPU
		{CECCFDD8-8971-4660-81E8-F6B4E210409E}.Release|Any CPU.Build.0 = Release|Any CPU
		{CECCFDD8-8971-4660-81E8-F6B4E210409E}.Release|x64.ActiveCfg = Release|Any CPU
		{CECCFDD8-8971-4660-81E8-F6B4E210409E}.Release|x64.Build.0 = Release|Any CPU
		{CECCFDD8-8971-4660-81E8-F6B4E210409E}.Release|x86.ActiveCfg = Release|Any CPU
		{CECCFDD8-8971-4660-81E8-F6B4E210409E}.Release|x86.Build.0 = Release|Any CPU
	EndGlobalSection
EndGlobal
